
Microsoft Visual Studio Solution File, Format Version 12.00
# Visual Studio 14
VisualStudioVersion = 14.0.24720.0
MinimumVisualStudioVersion = 10.0.40219.1
Project("{9092AA53-FB77-4645-B42D-1CCCA6BD08BD}") = "waveform-visualizer", "waveform-visualizer.njsproj", "{90A752D4-9F39-46C0-8A6B-69CAD616A27F}"
EndProject
Global
	GlobalSection(SolutionConfigurationPlatforms) = preSolution
		Debug|Any CPU = Debug|Any CPU
		Release|Any CPU = Release|Any CPU
	EndGlobalSection
	GlobalSection(ProjectConfigurationPlatforms) = postSolution
		{90A752D4-9F39-46C0-8A6B-69CAD616A27F}.Debug|Any CPU.ActiveCfg = Debug|Any CPU
		{90A752D4-9F39-46C0-8A6B-69CAD616A27F}.Debug|Any CPU.Build.0 = Debug|Any CPU
		{90A752D4-9F39-46C0-8A6B-69CAD616A27F}.Release|Any CPU.ActiveCfg = Release|Any CPU
		{90A752D4-9F39-46C0-8A6B-69CAD616A27F}.Release|Any CPU.Build.0 = Release|Any CPU
	EndGlobalSection
	GlobalSection(SolutionProperties) = preSolution
		HideSolutionNode = FALSE
	EndGlobalSection
EndGlobal
