{
    "name": "waveform-visualizer_client_examples",
    "version": "0.6.0",
    "lockfileVersion": 1,
    "requires": true,
    "dependencies": {
        "web-audio-api-player": {
            "version": "1.0.0",
            "resolved": "https://registry.npmjs.org/web-audio-api-player/-/web-audio-api-player-1.0.0.tgz",
            "integrity": "sha512-zvhxlRbCtdSx4jEvQ4yWGFaG3pP5MRT0HYZGmDCuUdr4lOs3TVpQA2VEkc/UY3Q/2qkaoVdzZ3SevBwmJrF5hA==",
            "dev": true
        }
    }
}
