{
  "name": "waveform-visualizer_example_simple-waveform_client",
  "version": "3.0.1",
  "lockfileVersion": 2,
  "requires": true,
  "packages": {
    "": {
      "name": "waveform-visualizer_example_simple-waveform_client",
      "license": "MIT",
      "dependencies": {
        "web-audio-api-player": "5.3.2"
      },
      "devDependencies": {
        "typescript": "5.8.2"
      }
    },
    "node_modules/typescript": {
      "version": "5.8.2",
      "resolved": "https://registry.npmjs.org/typescript/-/typescript-5.8.2.tgz",
      "integrity": "sha512-aJn6wq13/afZp/jT9QZmwEjDqqvSGp1VT5GVg+f/t6/oVyrgXM6BY1h9BRh/O5p3PlUPAe+WuiEZOmb/49RqoQ==",
      "dev": true,
      "license": "Apache-2.0",
      "bin": {
        "tsc": "bin/tsc",
        "tsserver": "bin/tsserver"
      },
      "engines": {
        "node": ">=14.17"
      }
    },
    "node_modules/web-audio-api-player": {
      "version": "5.3.2",
      "resolved": "https://registry.npmjs.org/web-audio-api-player/-/web-audio-api-player-5.3.2.tgz",
      "integrity": "sha512-VTm8ATHXuzcBNUK8NBM5+iiPPyrDrhBWxxLRLy6sq3t+vjEptWa20gnklxkow7Uw1qyGFgZQhzhWQoBy+R11Ng==",
      "license": "MIT"
    }
  },
  "dependencies": {
    "typescript": {
      "version": "5.8.2",
      "resolved": "https://registry.npmjs.org/typescript/-/typescript-5.8.2.tgz",
      "integrity": "sha512-aJn6wq13/afZp/jT9QZmwEjDqqvSGp1VT5GVg+f/t6/oVyrgXM6BY1h9BRh/O5p3PlUPAe+WuiEZOmb/49RqoQ==",
      "dev": true
    },
    "web-audio-api-player": {
      "version": "5.3.2",
      "resolved": "https://registry.npmjs.org/web-audio-api-player/-/web-audio-api-player-5.3.2.tgz",
      "integrity": "sha512-VTm8ATHXuzcBNUK8NBM5+iiPPyrDrhBWxxLRLy6sq3t+vjEptWa20gnklxkow7Uw1qyGFgZQhzhWQoBy+R11Ng=="
    }
  }
}
