{
  "name": "waveform-visualizer_example_simple-waveform_client",
  "version": "3.0.1",
  "lockfileVersion": 2,
  "requires": true,
  "packages": {
    "": {
      "name": "waveform-visualizer_example_simple-waveform_client",
      "version": "3.0.1",
      "license": "MIT",
      "dependencies": {
        "web-audio-api-player": "5.3.1"
      },
      "devDependencies": {
        "typescript": "5.4.3"
      }
    },
    "node_modules/typescript": {
      "version": "5.4.3",
      "resolved": "https://registry.npmjs.org/typescript/-/typescript-5.4.3.tgz",
      "integrity": "sha512-KrPd3PKaCLr78MalgiwJnA25Nm8HAmdwN3mYUYZgG/wizIo9EainNVQI9/yDavtVFRN2h3k8uf3GLHuhDMgEHg==",
      "dev": true,
      "bin": {
        "tsc": "bin/tsc",
        "tsserver": "bin/tsserver"
      },
      "engines": {
        "node": ">=14.17"
      }
    },
    "node_modules/web-audio-api-player": {
      "version": "5.3.1",
      "resolved": "https://registry.npmjs.org/web-audio-api-player/-/web-audio-api-player-5.3.1.tgz",
      "integrity": "sha512-XJVheQlIAUR+FMGF3nVsU86IYLXY539Ep1uzCmMcGRZ6lGJ4kxKrZLt7J7sHYDKYkRas1eb3InqT3FUi+pK3XQ=="
    }
  },
  "dependencies": {
    "typescript": {
      "version": "5.4.3",
      "resolved": "https://registry.npmjs.org/typescript/-/typescript-5.4.3.tgz",
      "integrity": "sha512-KrPd3PKaCLr78MalgiwJnA25Nm8HAmdwN3mYUYZgG/wizIo9EainNVQI9/yDavtVFRN2h3k8uf3GLHuhDMgEHg==",
      "dev": true
    },
    "web-audio-api-player": {
      "version": "5.3.1",
      "resolved": "https://registry.npmjs.org/web-audio-api-player/-/web-audio-api-player-5.3.1.tgz",
      "integrity": "sha512-XJVheQlIAUR+FMGF3nVsU86IYLXY539Ep1uzCmMcGRZ6lGJ4kxKrZLt7J7sHYDKYkRas1eb3InqT3FUi+pK3XQ=="
    }
  }
}
