{
    "name": "waveform-visualizer_example_simple-waveform_client",
    "version": "2.0.2",
    "lockfileVersion": 1,
    "requires": true,
    "dependencies": {
        "typescript": {
            "version": "4.0.3",
            "resolved": "https://registry.npmjs.org/typescript/-/typescript-4.0.3.tgz",
            "integrity": "sha512-tEu6DGxGgRJPb/mVPIZ48e69xCn2yRmCgYmDugAVwmJ6o+0u1RI18eO7E7WBTLYLaEVVOhwQmcdhQHweux/WPg==",
            "dev": true
        },
        "web-audio-api-player": {
            "version": "3.0.1",
            "resolved": "https://registry.npmjs.org/web-audio-api-player/-/web-audio-api-player-3.0.1.tgz",
            "integrity": "sha512-+6MnUUfLujsPIqbkrOaPQVqoZoA55UiZ+bwvvOGb16oQbJgm9tRwP9TcpB2H5krZdcFuc0A3Q2aT1DJTlLXpog=="
        }
    }
}
